
Microsoft Visual Studio Solution File, Format Version 12.00
# Visual Studio Version 17
VisualStudioVersion = 17.14.36221.1
MinimumVisualStudioVersion = 10.0.40219.1
Project("{00D1A9C2-B5F0-4AF3-8072-F6C62B433612}") = "TestAutomation", "TestAutomation\TestAutomation.sqlproj", "{AB7F4038-D141-4947-859A-45C7D69BA268}"
EndProject
Project("{FAE04EC0-301F-11D3-BF4B-00C04F79EFBC}") = "mock-api", "mock-api\mock-api.csproj", "{A4B0E773-CC69-4724-B74A-51B5AFB987C9}"
EndProject
Global
	GlobalSection(SolutionConfigurationPlatforms) = preSolution
		Debug|Any CPU = Debug|Any CPU
		Release|Any CPU = Release|Any CPU
	EndGlobalSection
	GlobalSection(ProjectConfigurationPlatforms) = postSolution
		{AB7F4038-D141-4947-859A-45C7D69BA268}.Debug|Any CPU.ActiveCfg = Debug|Any CPU
		{AB7F4038-D141-4947-859A-45C7D69BA268}.Debug|Any CPU.Build.0 = Debug|Any CPU
		{AB7F4038-D141-4947-859A-45C7D69BA268}.Debug|Any CPU.Deploy.0 = Debug|Any CPU
		{AB7F4038-D141-4947-859A-45C7D69BA268}.Release|Any CPU.ActiveCfg = Release|Any CPU
		{AB7F4038-D141-4947-859A-45C7D69BA268}.Release|Any CPU.Build.0 = Release|Any CPU
		{AB7F4038-D141-4947-859A-45C7D69BA268}.Release|Any CPU.Deploy.0 = Release|Any CPU
		{A4B0E773-CC69-4724-B74A-51B5AFB987C9}.Debug|Any CPU.ActiveCfg = Debug|Any CPU
		{A4B0E773-CC69-4724-B74A-51B5AFB987C9}.Debug|Any CPU.Build.0 = Debug|Any CPU
		{A4B0E773-CC69-4724-B74A-51B5AFB987C9}.Release|Any CPU.ActiveCfg = Release|Any CPU
		{A4B0E773-CC69-4724-B74A-51B5AFB987C9}.Release|Any CPU.Build.0 = Release|Any CPU
	EndGlobalSection
	GlobalSection(SolutionProperties) = preSolution
		HideSolutionNode = FALSE
	EndGlobalSection
	GlobalSection(ExtensibilityGlobals) = postSolution
		SolutionGuid = {20D85722-9A56-448A-A5A6-01962B2B6078}
	EndGlobalSection
EndGlobal
